
Microsoft Visual Studio Solution File, Format Version 12.00
# Visual Studio Version 17
VisualStudioVersion = 17.10.34916.146
MinimumVisualStudioVersion = 10.0.40219.1
Project("{9A19103F-16F7-4668-BE54-9A1E7A4F7556}") = "V2AndreGarageCar-5by5", "V2AndreGarageCar-5by5\V2AndreGarageCar-5by5.csproj", "{99F1F1BD-E4D5-4029-8661-376DC6B1DD2F}"
EndProject
Project("{9A19103F-16F7-4668-BE54-9A1E7A4F7556}") = "Models", "Models\Models.csproj", "{32108647-1B88-4275-AE91-47E71052B01B}"
EndProject
Project("{9A19103F-16F7-4668-BE54-9A1E7A4F7556}") = "AndreGarageJob", "AndreGarageJob\AndreGarageJob.csproj", "{527C811D-E67D-457A-A462-903FE339AD79}"
EndProject
Project("{9A19103F-16F7-4668-BE54-9A1E7A4F7556}") = "AndreGarageCarJob", "AndreGarageCarJob\AndreGarageCarJob.csproj", "{65C88E6C-1C05-4B87-AB0E-AB80F2D80A1F}"
EndProject
Project("{9A19103F-16F7-4668-BE54-9A1E7A4F7556}") = "AndreGarageAdress", "AndreGarageAdress\AndreGarageAdress.csproj", "{E8A6B580-29B2-41B8-9BED-FE7B7FE29200}"
EndProject
Project("{9A19103F-16F7-4668-BE54-9A1E7A4F7556}") = "AndreGarageClient", "AndreGarageClient\AndreGarageClient.csproj", "{1132823B-A6E0-4701-8EE6-BC6C468B0F5D}"
EndProject
Project("{9A19103F-16F7-4668-BE54-9A1E7A4F7556}") = "AndreGarageEmployee", "AndreGarageEmployee\AndreGarageEmployee.csproj", "{EEE5734A-63B9-4F8B-BCF1-8737E93E116B}"
EndProject
Project("{9A19103F-16F7-4668-BE54-9A1E7A4F7556}") = "AndreGaragePayment", "AndreGaragePayment\AndreGaragePayment.csproj", "{36BE1556-A0BB-41AA-9C8B-BD85F1DCA75C}"
EndProject
Project("{9A19103F-16F7-4668-BE54-9A1E7A4F7556}") = "AndreGaragePurchase", "AndreGaragePurchase\AndreGaragePurchase.csproj", "{86CA1C21-8C1B-4E58-9A62-EA568ADAB055}"
EndProject
Project("{9A19103F-16F7-4668-BE54-9A1E7A4F7556}") = "AndreGarageSale", "AndreGarageSale\AndreGarageSale.csproj", "{C3CB88CC-3748-444A-BD22-C0E42542C8DE}"
EndProject
Project("{9A19103F-16F7-4668-BE54-9A1E7A4F7556}") = "AndreGarageBank", "AndreGarageBank\AndreGarageBank.csproj", "{0CAAED09-D5A1-4284-94B3-3EA2B1C68EBF}"
EndProject
Project("{9A19103F-16F7-4668-BE54-9A1E7A4F7556}") = "AndreGarageDriver", "AndreGarageDriver\AndreGarageDriver.csproj", "{B8A8FFD0-6F78-48CE-A741-FCAA3E1D9B8E}"
EndProject
Project("{9A19103F-16F7-4668-BE54-9A1E7A4F7556}") = "AndreGarageFinancialPendency", "AndreGarageFinancialPendency\AndreGarageFinancialPendency.csproj", "{F1D5DA30-0CD9-4B1D-BDB8-EBF376DBF099}"
EndProject
Project("{9A19103F-16F7-4668-BE54-9A1E7A4F7556}") = "AndreGarageInsurance", "AndreGarageInsurance\AndreGarageInsurance.csproj", "{121E222D-A945-45D6-BC06-A8ADB47C9481}"
EndProject
Project("{9A19103F-16F7-4668-BE54-9A1E7A4F7556}") = "AndreGarageUseTerms", "AndreGarageUseTerms\AndreGarageUseTerms.csproj", "{A89C50AB-7CC2-4CF1-8E17-C6A6CB295D34}"
EndProject
Project("{9A19103F-16F7-4668-BE54-9A1E7A4F7556}") = "AndreGarageTests", "AndreGarageCarTests\AndreGarageTests.csproj", "{BA7C95F1-BC41-47A8-92C3-EA665D7D5465}"
EndProject
Project("{FAE04EC0-301F-11D3-BF4B-00C04F79EFBC}") = "AndreGarageConsumerBank", "AndreGarageConsumerBank\AndreGarageConsumerBank.csproj", "{EC0FB81F-F7A7-4877-957E-BA8BA24B6C6A}"
EndProject
Project("{FAE04EC0-301F-11D3-BF4B-00C04F79EFBC}") = "AndreGarageBankMongoDB", "AndreGarageBankMongoDB\AndreGarageBankMongoDB.csproj", "{99073B8A-6A82-4819-BDF1-E74B1633CD42}"
EndProject
Global
	GlobalSection(SolutionConfigurationPlatforms) = preSolution
		Debug|Any CPU = Debug|Any CPU
		Release|Any CPU = Release|Any CPU
	EndGlobalSection
	GlobalSection(ProjectConfigurationPlatforms) = postSolution
		{99F1F1BD-E4D5-4029-8661-376DC6B1DD2F}.Debug|Any CPU.ActiveCfg = Debug|Any CPU
		{99F1F1BD-E4D5-4029-8661-376DC6B1DD2F}.Debug|Any CPU.Build.0 = Debug|Any CPU
		{99F1F1BD-E4D5-4029-8661-376DC6B1DD2F}.Release|Any CPU.ActiveCfg = Release|Any CPU
		{99F1F1BD-E4D5-4029-8661-376DC6B1DD2F}.Release|Any CPU.Build.0 = Release|Any CPU
		{32108647-1B88-4275-AE91-47E71052B01B}.Debug|Any CPU.ActiveCfg = Debug|Any CPU
		{32108647-1B88-4275-AE91-47E71052B01B}.Debug|Any CPU.Build.0 = Debug|Any CPU
		{32108647-1B88-4275-AE91-47E71052B01B}.Release|Any CPU.ActiveCfg = Release|Any CPU
		{32108647-1B88-4275-AE91-47E71052B01B}.Release|Any CPU.Build.0 = Release|Any CPU
		{527C811D-E67D-457A-A462-903FE339AD79}.Debug|Any CPU.ActiveCfg = Debug|Any CPU
		{527C811D-E67D-457A-A462-903FE339AD79}.Debug|Any CPU.Build.0 = Debug|Any CPU
		{527C811D-E67D-457A-A462-903FE339AD79}.Release|Any CPU.ActiveCfg = Release|Any CPU
		{527C811D-E67D-457A-A462-903FE339AD79}.Release|Any CPU.Build.0 = Release|Any CPU
		{65C88E6C-1C05-4B87-AB0E-AB80F2D80A1F}.Debug|Any CPU.ActiveCfg = Debug|Any CPU
		{65C88E6C-1C05-4B87-AB0E-AB80F2D80A1F}.Debug|Any CPU.Build.0 = Debug|Any CPU
		{65C88E6C-1C05-4B87-AB0E-AB80F2D80A1F}.Release|Any CPU.ActiveCfg = Release|Any CPU
		{65C88E6C-1C05-4B87-AB0E-AB80F2D80A1F}.Release|Any CPU.Build.0 = Release|Any CPU
		{E8A6B580-29B2-41B8-9BED-FE7B7FE29200}.Debug|Any CPU.ActiveCfg = Debug|Any CPU
		{E8A6B580-29B2-41B8-9BED-FE7B7FE29200}.Debug|Any CPU.Build.0 = Debug|Any CPU
		{E8A6B580-29B2-41B8-9BED-FE7B7FE29200}.Release|Any CPU.ActiveCfg = Release|Any CPU
		{E8A6B580-29B2-41B8-9BED-FE7B7FE29200}.Release|Any CPU.Build.0 = Release|Any CPU
		{1132823B-A6E0-4701-8EE6-BC6C468B0F5D}.Debug|Any CPU.ActiveCfg = Debug|Any CPU
		{1132823B-A6E0-4701-8EE6-BC6C468B0F5D}.Debug|Any CPU.Build.0 = Debug|Any CPU
		{1132823B-A6E0-4701-8EE6-BC6C468B0F5D}.Release|Any CPU.ActiveCfg = Release|Any CPU
		{1132823B-A6E0-4701-8EE6-BC6C468B0F5D}.Release|Any CPU.Build.0 = Release|Any CPU
		{EEE5734A-63B9-4F8B-BCF1-8737E93E116B}.Debug|Any CPU.ActiveCfg = Debug|Any CPU
		{EEE5734A-63B9-4F8B-BCF1-8737E93E116B}.Debug|Any CPU.Build.0 = Debug|Any CPU
		{EEE5734A-63B9-4F8B-BCF1-8737E93E116B}.Release|Any CPU.ActiveCfg = Release|Any CPU
		{EEE5734A-63B9-4F8B-BCF1-8737E93E116B}.Release|Any CPU.Build.0 = Release|Any CPU
		{36BE1556-A0BB-41AA-9C8B-BD85F1DCA75C}.Debug|Any CPU.ActiveCfg = Debug|Any CPU
		{36BE1556-A0BB-41AA-9C8B-BD85F1DCA75C}.Debug|Any CPU.Build.0 = Debug|Any CPU
		{36BE1556-A0BB-41AA-9C8B-BD85F1DCA75C}.Release|Any CPU.ActiveCfg = Release|Any CPU
		{36BE1556-A0BB-41AA-9C8B-BD85F1DCA75C}.Release|Any CPU.Build.0 = Release|Any CPU
		{86CA1C21-8C1B-4E58-9A62-EA568ADAB055}.Debug|Any CPU.ActiveCfg = Debug|Any CPU
		{86CA1C21-8C1B-4E58-9A62-EA568ADAB055}.Debug|Any CPU.Build.0 = Debug|Any CPU
		{86CA1C21-8C1B-4E58-9A62-EA568ADAB055}.Release|Any CPU.ActiveCfg = Release|Any CPU
		{86CA1C21-8C1B-4E58-9A62-EA568ADAB055}.Release|Any CPU.Build.0 = Release|Any CPU
		{C3CB88CC-3748-444A-BD22-C0E42542C8DE}.Debug|Any CPU.ActiveCfg = Debug|Any CPU
		{C3CB88CC-3748-444A-BD22-C0E42542C8DE}.Debug|Any CPU.Build.0 = Debug|Any CPU
		{C3CB88CC-3748-444A-BD22-C0E42542C8DE}.Release|Any CPU.ActiveCfg = Release|Any CPU
		{C3CB88CC-3748-444A-BD22-C0E42542C8DE}.Release|Any CPU.Build.0 = Release|Any CPU
		{0CAAED09-D5A1-4284-94B3-3EA2B1C68EBF}.Debug|Any CPU.ActiveCfg = Debug|Any CPU
		{0CAAED09-D5A1-4284-94B3-3EA2B1C68EBF}.Debug|Any CPU.Build.0 = Debug|Any CPU
		{0CAAED09-D5A1-4284-94B3-3EA2B1C68EBF}.Release|Any CPU.ActiveCfg = Release|Any CPU
		{0CAAED09-D5A1-4284-94B3-3EA2B1C68EBF}.Release|Any CPU.Build.0 = Release|Any CPU
		{B8A8FFD0-6F78-48CE-A741-FCAA3E1D9B8E}.Debug|Any CPU.ActiveCfg = Debug|Any CPU
		{B8A8FFD0-6F78-48CE-A741-FCAA3E1D9B8E}.Debug|Any CPU.Build.0 = Debug|Any CPU
		{B8A8FFD0-6F78-48CE-A741-FCAA3E1D9B8E}.Release|Any CPU.ActiveCfg = Release|Any CPU
		{B8A8FFD0-6F78-48CE-A741-FCAA3E1D9B8E}.Release|Any CPU.Build.0 = Release|Any CPU
		{F1D5DA30-0CD9-4B1D-BDB8-EBF376DBF099}.Debug|Any CPU.ActiveCfg = Debug|Any CPU
		{F1D5DA30-0CD9-4B1D-BDB8-EBF376DBF099}.Debug|Any CPU.Build.0 = Debug|Any CPU
		{F1D5DA30-0CD9-4B1D-BDB8-EBF376DBF099}.Release|Any CPU.ActiveCfg = Release|Any CPU
		{F1D5DA30-0CD9-4B1D-BDB8-EBF376DBF099}.Release|Any CPU.Build.0 = Release|Any CPU
		{121E222D-A945-45D6-BC06-A8ADB47C9481}.Debug|Any CPU.ActiveCfg = Debug|Any CPU
		{121E222D-A945-45D6-BC06-A8ADB47C9481}.Debug|Any CPU.Build.0 = Debug|Any CPU
		{121E222D-A945-45D6-BC06-A8ADB47C9481}.Release|Any CPU.ActiveCfg = Release|Any CPU
		{121E222D-A945-45D6-BC06-A8ADB47C9481}.Release|Any CPU.Build.0 = Release|Any CPU
		{A89C50AB-7CC2-4CF1-8E17-C6A6CB295D34}.Debug|Any CPU.ActiveCfg = Debug|Any CPU
		{A89C50AB-7CC2-4CF1-8E17-C6A6CB295D34}.Debug|Any CPU.Build.0 = Debug|Any CPU
		{A89C50AB-7CC2-4CF1-8E17-C6A6CB295D34}.Release|Any CPU.ActiveCfg = Release|Any CPU
		{A89C50AB-7CC2-4CF1-8E17-C6A6CB295D34}.Release|Any CPU.Build.0 = Release|Any CPU
		{BA7C95F1-BC41-47A8-92C3-EA665D7D5465}.Debug|Any CPU.ActiveCfg = Debug|Any CPU
		{BA7C95F1-BC41-47A8-92C3-EA665D7D5465}.Debug|Any CPU.Build.0 = Debug|Any CPU
		{BA7C95F1-BC41-47A8-92C3-EA665D7D5465}.Release|Any CPU.ActiveCfg = Release|Any CPU
		{BA7C95F1-BC41-47A8-92C3-EA665D7D5465}.Release|Any CPU.Build.0 = Release|Any CPU
		{EC0FB81F-F7A7-4877-957E-BA8BA24B6C6A}.Debug|Any CPU.ActiveCfg = Debug|Any CPU
		{EC0FB81F-F7A7-4877-957E-BA8BA24B6C6A}.Debug|Any CPU.Build.0 = Debug|Any CPU
		{EC0FB81F-F7A7-4877-957E-BA8BA24B6C6A}.Release|Any CPU.ActiveCfg = Release|Any CPU
		{EC0FB81F-F7A7-4877-957E-BA8BA24B6C6A}.Release|Any CPU.Build.0 = Release|Any CPU
		{99073B8A-6A82-4819-BDF1-E74B1633CD42}.Debug|Any CPU.ActiveCfg = Debug|Any CPU
		{99073B8A-6A82-4819-BDF1-E74B1633CD42}.Debug|Any CPU.Build.0 = Debug|Any CPU
		{99073B8A-6A82-4819-BDF1-E74B1633CD42}.Release|Any CPU.ActiveCfg = Release|Any CPU
		{99073B8A-6A82-4819-BDF1-E74B1633CD42}.Release|Any CPU.Build.0 = Release|Any CPU
	EndGlobalSection
	GlobalSection(SolutionProperties) = preSolution
		HideSolutionNode = FALSE
	EndGlobalSection
	GlobalSection(ExtensibilityGlobals) = postSolution
		SolutionGuid = {44245DEC-203A-4BE6-9621-C8B45EBBCF65}
	EndGlobalSection
EndGlobal
